<?xml version="1.0" encoding="utf-8"?>
<Project ToolsVersion="4.0" xmlns="http://schemas.microsoft.com/developer/msbuild/2003">
  <ItemGroup>
    <ClCompile Include="main.cpp" />
    <ClCompile Include="Program.cpp" />
    <ClCompile Include="..\ext\glad\src\glad.c">
      <Filter>ext</Filter>
    </ClCompile>
    <ClCompile Include="GLSL.cpp" />
    <ClCompile Include="WindowManager.cpp" />
    <ClCompile Include="Shape.cpp" />
    <ClCompile Include="MatrixStack.cpp" />
    <ClCompile Include="recAudio.cpp" />
    <ClCompile Include="kiss_fft.c" />
    <ClCompile Include="recordAudio.cpp" />
  </ItemGroup>
  <ItemGroup>
    <ClInclude Include="Program.h" />
    <ClInclude Include="GLSL.h" />
    <ClInclude Include="WindowManager.h" />
    <ClInclude Include="Shape.h" />
    <ClInclude Include="tiny_obj_loader.h">
      <Filter>ext</Filter>
    </ClInclude>
    <ClInclude Include="MatrixStack.h" />
    <ClInclude Include="camera.h" />
    <ClInclude Include="kiss_fft.h" />
    <ClInclude Include="kissfft.hh" />
    <ClInclude Include="_kiss_fft_guts.h" />
    <ClInclude Include="recordAudio.h" />
  </ItemGroup>
  <ItemGroup>
    <Filter Include="ext">
      <UniqueIdentifier>{a1735e5b-c01d-45eb-b937-869f0ba27591}</UniqueIdentifier>
    </Filter>
    <Filter Include="shader">
      <UniqueIdentifier>{399d2af1-ef05-4790-9786-102bae27c440}</UniqueIdentifier>
    </Filter>
  </ItemGroup>
  <ItemGroup>
    <None Include="..\resources\simple_frag.glsl">
      <Filter>shader</Filter>
    </None>
    <None Include="..\resources\simple_vert.glsl">
      <Filter>shader</Filter>
    </None>
    <None Include="..\resources\vert.glsl">
      <Filter>shader</Filter>
    </None>
    <None Include="..\resources\frag_nolight.glsl">
      <Filter>shader</Filter>
    </None>
    <None Include="..\resources\instance_vert.glsl">
      <Filter>shader</Filter>
    </None>
    <None Include="..\resources\sky_frag.glsl">
      <Filter>shader</Filter>
    </None>
    <None Include="..\resources\suit_frag.glsl">
      <Filter>shader</Filter>
    </None>
    <None Include="..\resources\ground_frag.glsl">
      <Filter>shader</Filter>
    </None>
    <None Include="..\resources\laser_frag.glsl">
      <Filter>shader</Filter>
    </None>
    <None Include="..\resources\vert_laser.glsl">
      <Filter>shader</Filter>
    </None>
    <None Include="..\resources\geometry_laser.glsl">
      <Filter>shader</Filter>
    </None>
    <None Include="..\resources\blur_frag.glsl">
      <Filter>shader</Filter>
    </None>
    <None Include="..\resources\land_frag.glsl">
      <Filter>shader</Filter>
    </None>
    <None Include="..\resources\land_vert.glsl">
      <Filter>shader</Filter>
    </None>
    <None Include="..\resources\land_fragfull.glsl">
      <Filter>shader</Filter>
    </None>
    <None Include="..\resources\bloom_frag.glsl">
      <Filter>shader</Filter>
    </None>
    <None Include="..\resources\instance_sphere_vert.glsl">
      <Filter>shader</Filter>
    </None>
    <None Include="..\resources\sphere_frag.glsl">
      <Filter>shader</Filter>
    </None>
    <None Include="..\resources\face_frag.glsl">
      <Filter>shader</Filter>
    </None>
    <None Include="..\resources\face_vert.glsl">
      <Filter>shader</Filter>
    </None>
    <None Include="..\resources\geometry_lasereyes.glsl">
      <Filter>shader</Filter>
    </None>
    <None Include="..\resources\tunnel_vert.glsl">
      <Filter>shader</Filter>
    </None>
    <None Include="..\resources\tunnel_fragfull.glsl">
      <Filter>shader</Filter>
    </None>
    <None Include="..\resources\tunnel_frag.glsl">
      <Filter>shader</Filter>
    </None>
    <None Include="..\resources\tunnel_geometry.glsl">
      <Filter>shader</Filter>
    </None>
    <None Include="..\resources\tunnel_vertfull.glsl">
      <Filter>shader</Filter>
    </None>
    <None Include="..\resources\instance_sphere_tunnel_vert.glsl">
      <Filter>shader</Filter>
    </None>
    <None Include="..\resources\sphere_tunnel_frag.glsl">
      <Filter>shader</Filter>
    </None>
    <None Include="..\resources\rlaser_vert.glsl">
      <Filter>shader</Filter>
    </None>
    <None Include="..\resources\rlaser_frag.glsl">
      <Filter>shader</Filter>
    </None>
  </ItemGroup>
  <ItemGroup>
    <Text Include="Text.txt" />
  </ItemGroup>
</Project>